
Microsoft Visual Studio Solution File, Format Version 9.00
# Visual Studio 2005
Project("{8BC9CEB8-8B4A-11D0-8D11-00A0C91BC942}") = "CartoonMaker", "Cartoon Maker\CartoonMaker.vcproj", "{62DC76CB-BB70-48BD-8A01-10FBA9F64548}"
EndProject
Global
	GlobalSection(SolutionConfigurationPlatforms) = preSolution
		Debug|Win32 = Debug|Win32
		Release|Win32 = Release|Win32
	EndGlobalSection
	GlobalSection(ProjectConfigurationPlatforms) = postSolution
		{62DC76CB-BB70-48BD-8A01-10FBA9F64548}.Debug|Win32.ActiveCfg = Debug|Win32
		{62DC76CB-BB70-48BD-8A01-10FBA9F64548}.Debug|Win32.Build.0 = Debug|Win32
		{62DC76CB-BB70-48BD-8A01-10FBA9F64548}.Release|Win32.ActiveCfg = Release|Win32
		{62DC76CB-BB70-48BD-8A01-10FBA9F64548}.Release|Win32.Build.0 = Release|Win32
	EndGlobalSection
	GlobalSection(SolutionProperties) = preSolution
		HideSolutionNode = FALSE
	EndGlobalSection
EndGlobal
